
Microsoft Visual Studio Solution File, Format Version 12.00
# Visual Studio Version 17
VisualStudioVersion = 17.7.34202.233
MinimumVisualStudioVersion = 10.0.40219.1
Project("{FAE04EC0-301F-11D3-BF4B-00C04F79EFBC}") = "PlateauMedTask.API", "PlateauMedTask.API\PlateauMedTask.API.csproj", "{95F14DDC-F1FE-43BC-B586-09D6FE73DF6F}"
EndProject
Project("{FAE04EC0-301F-11D3-BF4B-00C04F79EFBC}") = "PlateauMedTask.Domain", "PlateauMedTask.Domain\PlateauMedTask.Domain.csproj", "{CFBF4238-3394-4EA5-BF49-7C0FAEA83851}"
EndProject
Project("{FAE04EC0-301F-11D3-BF4B-00C04F79EFBC}") = "PlateauMedTask.Infrastructure", "PlateauMedTask.Infrastructure\PlateauMedTask.Infrastructure.csproj", "{56D3E360-C09C-4934-B854-F74E141181EF}"
EndProject
Project("{FAE04EC0-301F-11D3-BF4B-00C04F79EFBC}") = "PlateauMedTask.Application", "PlateauMedTask.Application\PlateauMedTask.Application.csproj", "{CD182E36-5E60-4824-84B0-951287CE90CD}"
EndProject
Project("{FAE04EC0-301F-11D3-BF4B-00C04F79EFBC}") = "PlateauMedTask.UnitTests", "PlateauMedTask.UnitTests\PlateauMedTask.UnitTests.csproj", "{D442DD97-5E92-4A81-BF49-6264F01348F7}"
EndProject
Global
	GlobalSection(SolutionConfigurationPlatforms) = preSolution
		Debug|Any CPU = Debug|Any CPU
		Release|Any CPU = Release|Any CPU
	EndGlobalSection
	GlobalSection(ProjectConfigurationPlatforms) = postSolution
		{95F14DDC-F1FE-43BC-B586-09D6FE73DF6F}.Debug|Any CPU.ActiveCfg = Debug|Any CPU
		{95F14DDC-F1FE-43BC-B586-09D6FE73DF6F}.Debug|Any CPU.Build.0 = Debug|Any CPU
		{95F14DDC-F1FE-43BC-B586-09D6FE73DF6F}.Release|Any CPU.ActiveCfg = Release|Any CPU
		{95F14DDC-F1FE-43BC-B586-09D6FE73DF6F}.Release|Any CPU.Build.0 = Release|Any CPU
		{CFBF4238-3394-4EA5-BF49-7C0FAEA83851}.Debug|Any CPU.ActiveCfg = Debug|Any CPU
		{CFBF4238-3394-4EA5-BF49-7C0FAEA83851}.Debug|Any CPU.Build.0 = Debug|Any CPU
		{CFBF4238-3394-4EA5-BF49-7C0FAEA83851}.Release|Any CPU.ActiveCfg = Release|Any CPU
		{CFBF4238-3394-4EA5-BF49-7C0FAEA83851}.Release|Any CPU.Build.0 = Release|Any CPU
		{56D3E360-C09C-4934-B854-F74E141181EF}.Debug|Any CPU.ActiveCfg = Debug|Any CPU
		{56D3E360-C09C-4934-B854-F74E141181EF}.Debug|Any CPU.Build.0 = Debug|Any CPU
		{56D3E360-C09C-4934-B854-F74E141181EF}.Release|Any CPU.ActiveCfg = Release|Any CPU
		{56D3E360-C09C-4934-B854-F74E141181EF}.Release|Any CPU.Build.0 = Release|Any CPU
		{CD182E36-5E60-4824-84B0-951287CE90CD}.Debug|Any CPU.ActiveCfg = Debug|Any CPU
		{CD182E36-5E60-4824-84B0-951287CE90CD}.Debug|Any CPU.Build.0 = Debug|Any CPU
		{CD182E36-5E60-4824-84B0-951287CE90CD}.Release|Any CPU.ActiveCfg = Release|Any CPU
		{CD182E36-5E60-4824-84B0-951287CE90CD}.Release|Any CPU.Build.0 = Release|Any CPU
		{D442DD97-5E92-4A81-BF49-6264F01348F7}.Debug|Any CPU.ActiveCfg = Debug|Any CPU
		{D442DD97-5E92-4A81-BF49-6264F01348F7}.Debug|Any CPU.Build.0 = Debug|Any CPU
		{D442DD97-5E92-4A81-BF49-6264F01348F7}.Release|Any CPU.ActiveCfg = Release|Any CPU
		{D442DD97-5E92-4A81-BF49-6264F01348F7}.Release|Any CPU.Build.0 = Release|Any CPU
	EndGlobalSection
	GlobalSection(SolutionProperties) = preSolution
		HideSolutionNode = FALSE
	EndGlobalSection
	GlobalSection(ExtensibilityGlobals) = postSolution
		SolutionGuid = {F46B4863-D6DC-4BD0-A5CA-19241D762738}
	EndGlobalSection
EndGlobal
